
Microsoft Visual Studio Solution File, Format Version 12.00
# Visual Studio Version 16
VisualStudioVersion = 16.0.29209.62
MinimumVisualStudioVersion = 10.0.40219.1
Project("{9A19103F-16F7-4668-BE54-9A1E7A4F7556}") = "EsolApp", "EsolApp\EsolApp.csproj", "{B5D470EA-2CE7-49A5-B9EB-F3DAB0997C2B}"
EndProject
Project("{FAE04EC0-301F-11D3-BF4B-00C04F79EFBC}") = "EsolApp.Data", "EsolApp.Data\EsolApp.Data.csproj", "{87DC25FF-C1C6-4C32-AAB4-35665313A4BA}"
EndProject
Global
	GlobalSection(SolutionConfigurationPlatforms) = preSolution
		Debug|Any CPU = Debug|Any CPU
		Release|Any CPU = Release|Any CPU
	EndGlobalSection
	GlobalSection(ProjectConfigurationPlatforms) = postSolution
		{B5D470EA-2CE7-49A5-B9EB-F3DAB0997C2B}.Debug|Any CPU.ActiveCfg = Debug|Any CPU
		{B5D470EA-2CE7-49A5-B9EB-F3DAB0997C2B}.Debug|Any CPU.Build.0 = Debug|Any CPU
		{B5D470EA-2CE7-49A5-B9EB-F3DAB0997C2B}.Release|Any CPU.ActiveCfg = Release|Any CPU
		{B5D470EA-2CE7-49A5-B9EB-F3DAB0997C2B}.Release|Any CPU.Build.0 = Release|Any CPU
		{87DC25FF-C1C6-4C32-AAB4-35665313A4BA}.Debug|Any CPU.ActiveCfg = Debug|Any CPU
		{87DC25FF-C1C6-4C32-AAB4-35665313A4BA}.Debug|Any CPU.Build.0 = Debug|Any CPU
		{87DC25FF-C1C6-4C32-AAB4-35665313A4BA}.Release|Any CPU.ActiveCfg = Release|Any CPU
		{87DC25FF-C1C6-4C32-AAB4-35665313A4BA}.Release|Any CPU.Build.0 = Release|Any CPU
	EndGlobalSection
	GlobalSection(SolutionProperties) = preSolution
		HideSolutionNode = FALSE
	EndGlobalSection
	GlobalSection(ExtensibilityGlobals) = postSolution
		SolutionGuid = {2794A998-2CE4-4B5F-8C12-68BDB4B0FFD6}
	EndGlobalSection
EndGlobal
